
Microsoft Visual Studio Solution File, Format Version 12.00
# Visual Studio 14
VisualStudioVersion = 14.0.25123.0
MinimumVisualStudioVersion = 10.0.40219.1
Project("{FAE04EC0-301F-11D3-BF4B-00C04F79EFBC}") = "GMS", "GMS\GMS.csproj", "{AB1FB515-2896-4E4C-B85D-E6CE1FDBC2A4}"
EndProject
Project("{FAE04EC0-301F-11D3-BF4B-00C04F79EFBC}") = "GMS.Tests", "GMS.Tests\GMS.Tests.csproj", "{319D7035-19A2-455F-98E2-FF6E5C1DA4C2}"
EndProject
Project("{2150E333-8FDC-42A3-9474-1A3956D46DE8}") = "Data", "Data", "{235DAB43-20A5-4F72-B697-3D895330DD2A}"
EndProject
Project("{2150E333-8FDC-42A3-9474-1A3956D46DE8}") = "Services", "Services", "{2AC03EF4-D6D3-49F8-8FAB-CB5CDD851984}"
EndProject
Project("{2150E333-8FDC-42A3-9474-1A3956D46DE8}") = "Tests", "Tests", "{4F46E48A-CC02-43C9-B93A-DD27952F7F83}"
EndProject
Project("{2150E333-8FDC-42A3-9474-1A3956D46DE8}") = "Tools", "Tools", "{3E37FA24-7CCE-4867-91C9-03C5C6D1239F}"
EndProject
Project("{2150E333-8FDC-42A3-9474-1A3956D46DE8}") = "Web", "Web", "{18ED7A33-7BC3-40AC-944E-CF7094C03BBE}"
EndProject
Project("{FAE04EC0-301F-11D3-BF4B-00C04F79EFBC}") = "GMS.Data", "GMS.Data\GMS.Data.csproj", "{843D4636-3E1B-42BE-84EA-2D36DCC19E61}"
EndProject
Project("{FAE04EC0-301F-11D3-BF4B-00C04F79EFBC}") = "GMS.Data.Common", "GMS.Data.Common\GMS.Data.Common.csproj", "{7F2FF539-197D-48B7-BA58-89C181EAAE37}"
EndProject
Project("{FAE04EC0-301F-11D3-BF4B-00C04F79EFBC}") = "GMS.Data.Models", "GMS.Data.Models\GMS.Data.Models.csproj", "{1F41AAAF-ED40-4187-AB84-D1E1CEBBAA0F}"
EndProject
Project("{FAE04EC0-301F-11D3-BF4B-00C04F79EFBC}") = "GMS.Services.Data", "GMS.Services.Data\GMS.Services.Data.csproj", "{5760801C-57E4-400C-A7C6-F7FE65B03A1B}"
EndProject
Project("{FAE04EC0-301F-11D3-BF4B-00C04F79EFBC}") = "GMS.Services.Web", "GMS.Services.Web\GMS.Services.Web.csproj", "{06A0C75D-44E1-419D-B383-2B74D624A3C8}"
EndProject
Project("{FAE04EC0-301F-11D3-BF4B-00C04F79EFBC}") = "GMS.Web", "GMS.Web\GMS.Web.csproj", "{74493C75-D245-4821-AE30-0B3676EFCAFD}"
EndProject
Project("{FAE04EC0-301F-11D3-BF4B-00C04F79EFBC}") = "GMS.Web.Tests", "GMS.Web.Tests\GMS.Web.Tests.csproj", "{90B15B90-E843-419E-AD3B-F4341847EE05}"
EndProject
Project("{FAE04EC0-301F-11D3-BF4B-00C04F79EFBC}") = "MembersUnitTest", "MembersUnitTest\MembersUnitTest.csproj", "{5A1B7AD0-76EF-4816-ACB2-4AF3F4C1995C}"
EndProject
Project("{FAE04EC0-301F-11D3-BF4B-00C04F79EFBC}") = "GMS.API", "GMS.API\GMS.API.csproj", "{43A27A7C-499F-4C49-A115-DA3C43040421}"
EndProject
Project("{FAE04EC0-301F-11D3-BF4B-00C04F79EFBC}") = "GMS.API.Tests", "GMS.API.Tests\GMS.API.Tests.csproj", "{0FFA6D9A-AE98-4A60-84EF-7459AB498782}"
EndProject
Project("{2150E333-8FDC-42A3-9474-1A3956D46DE8}") = "ModelLibs", "ModelLibs", "{F1B05ECD-148B-49A0-A714-F002D9327E8B}"
EndProject
Global
	GlobalSection(SolutionConfigurationPlatforms) = preSolution
		Debug|Any CPU = Debug|Any CPU
		Release|Any CPU = Release|Any CPU
	EndGlobalSection
	GlobalSection(ProjectConfigurationPlatforms) = postSolution
		{AB1FB515-2896-4E4C-B85D-E6CE1FDBC2A4}.Debug|Any CPU.ActiveCfg = Debug|Any CPU
		{AB1FB515-2896-4E4C-B85D-E6CE1FDBC2A4}.Debug|Any CPU.Build.0 = Debug|Any CPU
		{AB1FB515-2896-4E4C-B85D-E6CE1FDBC2A4}.Release|Any CPU.ActiveCfg = Release|Any CPU
		{AB1FB515-2896-4E4C-B85D-E6CE1FDBC2A4}.Release|Any CPU.Build.0 = Release|Any CPU
		{319D7035-19A2-455F-98E2-FF6E5C1DA4C2}.Debug|Any CPU.ActiveCfg = Debug|Any CPU
		{319D7035-19A2-455F-98E2-FF6E5C1DA4C2}.Debug|Any CPU.Build.0 = Debug|Any CPU
		{319D7035-19A2-455F-98E2-FF6E5C1DA4C2}.Release|Any CPU.ActiveCfg = Release|Any CPU
		{319D7035-19A2-455F-98E2-FF6E5C1DA4C2}.Release|Any CPU.Build.0 = Release|Any CPU
		{843D4636-3E1B-42BE-84EA-2D36DCC19E61}.Debug|Any CPU.ActiveCfg = Debug|Any CPU
		{843D4636-3E1B-42BE-84EA-2D36DCC19E61}.Debug|Any CPU.Build.0 = Debug|Any CPU
		{843D4636-3E1B-42BE-84EA-2D36DCC19E61}.Release|Any CPU.ActiveCfg = Release|Any CPU
		{843D4636-3E1B-42BE-84EA-2D36DCC19E61}.Release|Any CPU.Build.0 = Release|Any CPU
		{7F2FF539-197D-48B7-BA58-89C181EAAE37}.Debug|Any CPU.ActiveCfg = Debug|Any CPU
		{7F2FF539-197D-48B7-BA58-89C181EAAE37}.Debug|Any CPU.Build.0 = Debug|Any CPU
		{7F2FF539-197D-48B7-BA58-89C181EAAE37}.Release|Any CPU.ActiveCfg = Release|Any CPU
		{7F2FF539-197D-48B7-BA58-89C181EAAE37}.Release|Any CPU.Build.0 = Release|Any CPU
		{1F41AAAF-ED40-4187-AB84-D1E1CEBBAA0F}.Debug|Any CPU.ActiveCfg = Debug|Any CPU
		{1F41AAAF-ED40-4187-AB84-D1E1CEBBAA0F}.Debug|Any CPU.Build.0 = Debug|Any CPU
		{1F41AAAF-ED40-4187-AB84-D1E1CEBBAA0F}.Release|Any CPU.ActiveCfg = Release|Any CPU
		{1F41AAAF-ED40-4187-AB84-D1E1CEBBAA0F}.Release|Any CPU.Build.0 = Release|Any CPU
		{5760801C-57E4-400C-A7C6-F7FE65B03A1B}.Debug|Any CPU.ActiveCfg = Debug|Any CPU
		{5760801C-57E4-400C-A7C6-F7FE65B03A1B}.Debug|Any CPU.Build.0 = Debug|Any CPU
		{5760801C-57E4-400C-A7C6-F7FE65B03A1B}.Release|Any CPU.ActiveCfg = Release|Any CPU
		{5760801C-57E4-400C-A7C6-F7FE65B03A1B}.Release|Any CPU.Build.0 = Release|Any CPU
		{06A0C75D-44E1-419D-B383-2B74D624A3C8}.Debug|Any CPU.ActiveCfg = Debug|Any CPU
		{06A0C75D-44E1-419D-B383-2B74D624A3C8}.Debug|Any CPU.Build.0 = Debug|Any CPU
		{06A0C75D-44E1-419D-B383-2B74D624A3C8}.Release|Any CPU.ActiveCfg = Release|Any CPU
		{06A0C75D-44E1-419D-B383-2B74D624A3C8}.Release|Any CPU.Build.0 = Release|Any CPU
		{74493C75-D245-4821-AE30-0B3676EFCAFD}.Debug|Any CPU.ActiveCfg = Debug|Any CPU
		{74493C75-D245-4821-AE30-0B3676EFCAFD}.Debug|Any CPU.Build.0 = Debug|Any CPU
		{74493C75-D245-4821-AE30-0B3676EFCAFD}.Release|Any CPU.ActiveCfg = Release|Any CPU
		{74493C75-D245-4821-AE30-0B3676EFCAFD}.Release|Any CPU.Build.0 = Release|Any CPU
		{90B15B90-E843-419E-AD3B-F4341847EE05}.Debug|Any CPU.ActiveCfg = Debug|Any CPU
		{90B15B90-E843-419E-AD3B-F4341847EE05}.Debug|Any CPU.Build.0 = Debug|Any CPU
		{90B15B90-E843-419E-AD3B-F4341847EE05}.Release|Any CPU.ActiveCfg = Release|Any CPU
		{90B15B90-E843-419E-AD3B-F4341847EE05}.Release|Any CPU.Build.0 = Release|Any CPU
		{5A1B7AD0-76EF-4816-ACB2-4AF3F4C1995C}.Debug|Any CPU.ActiveCfg = Debug|Any CPU
		{5A1B7AD0-76EF-4816-ACB2-4AF3F4C1995C}.Debug|Any CPU.Build.0 = Debug|Any CPU
		{5A1B7AD0-76EF-4816-ACB2-4AF3F4C1995C}.Release|Any CPU.ActiveCfg = Release|Any CPU
		{5A1B7AD0-76EF-4816-ACB2-4AF3F4C1995C}.Release|Any CPU.Build.0 = Release|Any CPU
		{43A27A7C-499F-4C49-A115-DA3C43040421}.Debug|Any CPU.ActiveCfg = Debug|Any CPU
		{43A27A7C-499F-4C49-A115-DA3C43040421}.Debug|Any CPU.Build.0 = Debug|Any CPU
		{43A27A7C-499F-4C49-A115-DA3C43040421}.Release|Any CPU.ActiveCfg = Release|Any CPU
		{43A27A7C-499F-4C49-A115-DA3C43040421}.Release|Any CPU.Build.0 = Release|Any CPU
		{0FFA6D9A-AE98-4A60-84EF-7459AB498782}.Debug|Any CPU.ActiveCfg = Debug|Any CPU
		{0FFA6D9A-AE98-4A60-84EF-7459AB498782}.Debug|Any CPU.Build.0 = Debug|Any CPU
		{0FFA6D9A-AE98-4A60-84EF-7459AB498782}.Release|Any CPU.ActiveCfg = Release|Any CPU
		{0FFA6D9A-AE98-4A60-84EF-7459AB498782}.Release|Any CPU.Build.0 = Release|Any CPU
	EndGlobalSection
	GlobalSection(SolutionProperties) = preSolution
		HideSolutionNode = FALSE
	EndGlobalSection
	GlobalSection(NestedProjects) = preSolution
		{843D4636-3E1B-42BE-84EA-2D36DCC19E61} = {235DAB43-20A5-4F72-B697-3D895330DD2A}
		{7F2FF539-197D-48B7-BA58-89C181EAAE37} = {235DAB43-20A5-4F72-B697-3D895330DD2A}
		{1F41AAAF-ED40-4187-AB84-D1E1CEBBAA0F} = {235DAB43-20A5-4F72-B697-3D895330DD2A}
		{5760801C-57E4-400C-A7C6-F7FE65B03A1B} = {2AC03EF4-D6D3-49F8-8FAB-CB5CDD851984}
		{06A0C75D-44E1-419D-B383-2B74D624A3C8} = {2AC03EF4-D6D3-49F8-8FAB-CB5CDD851984}
		{74493C75-D245-4821-AE30-0B3676EFCAFD} = {18ED7A33-7BC3-40AC-944E-CF7094C03BBE}
		{90B15B90-E843-419E-AD3B-F4341847EE05} = {18ED7A33-7BC3-40AC-944E-CF7094C03BBE}
		{5A1B7AD0-76EF-4816-ACB2-4AF3F4C1995C} = {4F46E48A-CC02-43C9-B93A-DD27952F7F83}
		{43A27A7C-499F-4C49-A115-DA3C43040421} = {2AC03EF4-D6D3-49F8-8FAB-CB5CDD851984}
		{0FFA6D9A-AE98-4A60-84EF-7459AB498782} = {2AC03EF4-D6D3-49F8-8FAB-CB5CDD851984}
	EndGlobalSection
EndGlobal
